<?xml version="1.0" encoding="UTF-8" standalone="yes" ?>
<CodeBlocks_project_file>
	<FileVersion major="1" minor="6" />
	<Project>
		<Option title="Arduino" />
		<Option pch_mode="2" />
		<Option compiler="gcc" />
		<Build>
			<Target title="Debug">
				<Option output="bin/Debug/Arduino" prefix_auto="1" extension_auto="1" />
				<Option object_output="obj/Debug/" />
				<Option type="1" />
				<Option compiler="gcc" />
				<Compiler>
					<Add option="-g" />
				</Compiler>
			</Target>
			<Target title="Release">
				<Option output="bin/Release/Arduino" prefix_auto="1" extension_auto="1" />
				<Option object_output="obj/Release/" />
				<Option type="1" />
				<Option compiler="gcc" />
				<Compiler>
					<Add option="-O2" />
				</Compiler>
				<Linker>
					<Add option="-s" />
				</Linker>
			</Target>
		</Build>
		<Compiler>
			<Add option="-Wall" />
			<Add option="-fexceptions" />
			<Add directory="../src" />
		</Compiler>
		<Unit filename="cpp/CommandManager.cpp" />
		<Unit filename="cpp/Controller.cpp" />
		<Unit filename="cpp/ControllerFactory.cpp" />
		<Unit filename="cpp/command/JardinCommand.cpp" />
		<Unit filename="cpp/motor/FanMotor.cpp" />
		<Unit filename="cpp/motor/MotorStrategy.cpp" />
		<Unit filename="cpp/motor/ServoMotor.cpp" />
		<Unit filename="cpp/sensor/A_LEDSenseur.cpp" />
		<Unit filename="cpp/sensor/DHTSensor.cpp" />
		<Unit filename="cpp/sensor/LEDSensor.cpp" />
		<Unit filename="cpp/sensor/SensorStrategy.cpp" />
		<Unit filename="include/CommandManager.h" />
		<Unit filename="include/Controller.h" />
		<Unit filename="include/ControllerFactory.h" />
		<Unit filename="include/ControllerType.h" />
		<Unit filename="include/command/JardinCommand.h" />
		<Unit filename="include/motor/FanMotor.h" />
		<Unit filename="include/motor/MotorStrategy.h" />
		<Unit filename="include/motor/ServoMotor.h" />
		<Unit filename="include/sensor/A_LEDSensor.h" />
		<Unit filename="include/sensor/DHTSensor.h" />
		<Unit filename="include/sensor/LEDSensor.h" />
		<Unit filename="include/sensor/SensorStrategy.h" />
		<Unit filename="main.cpp" />
		<Extensions>
			<code_completion />
			<debugger />
		</Extensions>
	</Project>
</CodeBlocks_project_file>
